<?xml version="1.0" encoding="utf-8"?>
<Project ToolsVersion="4.0" xmlns="http://schemas.microsoft.com/developer/msbuild/2003">
  <ItemGroup>
    <Filter Include="Source Files">
      <UniqueIdentifier>{4FC737F1-C7A5-4376-A066-2A32D752A2FF}</UniqueIdentifier>
      <Extensions>cpp;c;cc;cxx;def;odl;idl;hpj;bat;asm;asmx</Extensions>
      <ParseFiles>true</ParseFiles>
    </Filter>
    <Filter Include="Header Files">
      <UniqueIdentifier>{93995380-89BD-4b04-88EB-625FBE52EBFB}</UniqueIdentifier>
      <Extensions>h;hh;hpp;hxx;hm;inl;inc;xsd</Extensions>
      <ParseFiles>true</ParseFiles>
    </Filter>
    <Filter Include="Resource Files">
      <UniqueIdentifier>{ad6e765e-4300-41dc-b185-05b019286785}</UniqueIdentifier>
      <Extensions>ico;cur;bmp;dlg;rc2;rct;bin;rgs;gif;jpg;jpeg;jpe</Extensions>
    </Filter>
    <Filter Include="Generated Files">
      <UniqueIdentifier>{71ED8ED8-ACB9-4CE9-BBE1-E00B30144E11}</UniqueIdentifier>
      <Extensions>moc;h;cpp</Extensions>
      <ParseFiles>true</ParseFiles>
    </Filter>
    <Filter Include="Generated Files\Hybrid">
      <UniqueIdentifier>{5f64a471-3591-4296-9327-ec6db13cb3a7}</UniqueIdentifier>
      <Extensions>cpp;moc</Extensions>
      <SourceControlFiles>False</SourceControlFiles>
    </Filter>
    <Filter Include="Generated Files\Debug">
      <UniqueIdentifier>{2e8e3dc5-69ea-432e-a317-c6288db3c11f}</UniqueIdentifier>
      <Extensions>cpp;moc</Extensions>
      <SourceControlFiles>False</SourceControlFiles>
    </Filter>
    <Filter Include="Generated Files\Release">
      <UniqueIdentifier>{ceb0c212-c99f-4eff-8442-ac0a0a62219e}</UniqueIdentifier>
      <Extensions>cpp;moc</Extensions>
      <SourceControlFiles>False</SourceControlFiles>
    </Filter>
    <Filter Include="Form Files">
      <UniqueIdentifier>{99349809-55BA-4b9d-BF79-8FDBB0286EB3}</UniqueIdentifier>
      <Extensions>ui</Extensions>
      <ParseFiles>true</ParseFiles>
    </Filter>
  </ItemGroup>
  <ItemGroup>
    <ClCompile Include="RealtimeReferencingUtility.cpp">
      <Filter>Source Files</Filter>
    </ClCompile>
    <ClCompile Include="DllEntry.cpp">
      <Filter>Source Files</Filter>
    </ClCompile>
    <ClCompile Include="RefObject.cpp">
      <Filter>Source Files</Filter>
    </ClCompile>
    <ClCompile Include="RefMenu.cpp">
      <Filter>Source Files</Filter>
    </ClCompile>
    <ClCompile Include="GeneratedFiles\Hybrid\moc_RefMenu.cpp">
      <Filter>Generated Files\Hybrid</Filter>
    </ClCompile>
    <ClCompile Include="GeneratedFiles\Debug\moc_RefMenu.cpp">
      <Filter>Generated Files\Debug</Filter>
    </ClCompile>
    <ClCompile Include="GeneratedFiles\Release\moc_RefMenu.cpp">
      <Filter>Generated Files\Release</Filter>
    </ClCompile>
    <ClCompile Include="SceneController.cpp">
      <Filter>Source Files</Filter>
    </ClCompile>
    <ClCompile Include="RefScene.cpp">
      <Filter>Source Files</Filter>
    </ClCompile>
    <ClCompile Include="GeneratedFiles\Hybrid\moc_about_popup.cpp">
      <Filter>Generated Files\Hybrid</Filter>
    </ClCompile>
    <ClCompile Include="GeneratedFiles\Debug\moc_about_popup.cpp">
      <Filter>Generated Files\Debug</Filter>
    </ClCompile>
    <ClCompile Include="GeneratedFiles\Release\moc_about_popup.cpp">
      <Filter>Generated Files\Release</Filter>
    </ClCompile>
    <ClCompile Include="about_popup.cpp">
      <Filter>Source Files</Filter>
    </ClCompile>
    <ClCompile Include="RefGeom.cpp">
      <Filter>Source Files</Filter>
    </ClCompile>
    <ClCompile Include="RefLight.cpp">
      <Filter>Source Files</Filter>
    </ClCompile>
    <ClCompile Include="RefCam.cpp">
      <Filter>Source Files</Filter>
    </ClCompile>
  </ItemGroup>
  <ItemGroup>
    <ResourceCompile Include="RealtimeReferencingUtility.rc">
      <Filter>Resource Files</Filter>
    </ResourceCompile>
  </ItemGroup>
  <ItemGroup>
    <CustomBuild Include="RealtimeReferencingUtility.def">
      <Filter>Source Files</Filter>
    </CustomBuild>
    <CustomBuild Include="3dsmaxsdk_preinclude.h">
      <Filter>Header Files</Filter>
    </CustomBuild>
    <CustomBuild Include="RealtimeReferencingUtility.h">
      <Filter>Header Files</Filter>
    </CustomBuild>
    <CustomBuild Include="RefObject.h">
      <Filter>Header Files</Filter>
    </CustomBuild>
    <CustomBuild Include="resource.h">
      <Filter>Header Files</Filter>
    </CustomBuild>
    <CustomBuild Include="stdafx.h">
      <Filter>Header Files</Filter>
    </CustomBuild>
    <CustomBuild Include="ref_menu.ui">
      <Filter>Resource Files</Filter>
    </CustomBuild>
    <CustomBuild Include="RefMenu.h">
      <Filter>Header Files</Filter>
    </CustomBuild>
    <CustomBuild Include="about_popup.h">
      <Filter>Header Files</Filter>
    </CustomBuild>
    <CustomBuild Include="about_popup.ui">
      <Filter>Resource Files</Filter>
    </CustomBuild>
  </ItemGroup>
  <ItemGroup>
    <ClInclude Include="GeneratedFiles\ui_ref_menu.h">
      <Filter>Generated Files</Filter>
    </ClInclude>
    <ClInclude Include="SceneController.h">
      <Filter>Header Files</Filter>
    </ClInclude>
    <ClInclude Include="RefScene.h">
      <Filter>Header Files</Filter>
    </ClInclude>
    <ClInclude Include="GeneratedFiles\ui_about_popup.h">
      <Filter>Generated Files</Filter>
    </ClInclude>
    <ClInclude Include="RefGeom.h">
      <Filter>Header Files</Filter>
    </ClInclude>
    <ClInclude Include="RefLight.h">
      <Filter>Header Files</Filter>
    </ClInclude>
    <ClInclude Include="RefCam.h">
      <Filter>Header Files</Filter>
    </ClInclude>
  </ItemGroup>
  <ItemGroup>
    <None Include="ClassDiagram.cd" />
  </ItemGroup>
</Project>